#MicroXplorer Configuration settings - do not modify
File.Version=6
GPIO.groupedBy=Group By Peripherals
KeepUserPlacement=false
Mcu.Family=STM32F1
Mcu.IP0=I2C1
Mcu.IP1=NVIC
Mcu.IP10=TIM8
Mcu.IP11=USART1
Mcu.IP12=USART2
Mcu.IP13=USART3
Mcu.IP2=RCC
Mcu.IP3=SYS
Mcu.IP4=TIM1
Mcu.IP5=TIM2
Mcu.IP6=TIM3
Mcu.IP7=TIM4
Mcu.IP8=TIM5
Mcu.IP9=TIM6
Mcu.IPNb=14
Mcu.Name=STM32F103V(C-D-E)Tx
Mcu.Package=LQFP100
Mcu.Pin0=PC14-OSC32_IN
Mcu.Pin1=PC15-OSC32_OUT
Mcu.Pin10=PA2
Mcu.Pin11=PA3
Mcu.Pin12=PA6
Mcu.Pin13=PA7
Mcu.Pin14=PC4
Mcu.Pin15=PC5
Mcu.Pin16=PB0
Mcu.Pin17=PB1
Mcu.Pin18=PE9
Mcu.Pin19=PE11
Mcu.Pin2=OSC_IN
Mcu.Pin20=PB10
Mcu.Pin21=PD8
Mcu.Pin22=PD9
Mcu.Pin23=PD12
Mcu.Pin24=PD13
Mcu.Pin25=PC6
Mcu.Pin26=PC7
Mcu.Pin27=PC8
Mcu.Pin28=PC9
Mcu.Pin29=PA9
Mcu.Pin3=OSC_OUT
Mcu.Pin30=PA10
Mcu.Pin31=PA13
Mcu.Pin32=PA14
Mcu.Pin33=PD0
Mcu.Pin34=PD1
Mcu.Pin35=PD2
Mcu.Pin36=PD3
Mcu.Pin37=PD4
Mcu.Pin38=PD5
Mcu.Pin39=PD6
Mcu.Pin4=PC0
Mcu.Pin40=PB6
Mcu.Pin41=PB7
Mcu.Pin42=VP_SYS_VS_Systick
Mcu.Pin43=VP_TIM6_VS_ClockSourceINT
Mcu.Pin5=PC1
Mcu.Pin6=PC2
Mcu.Pin7=PC3
Mcu.Pin8=PA0-WKUP
Mcu.Pin9=PA1
Mcu.PinsNb=44
Mcu.ThirdPartyNb=0
Mcu.UserConstants=
Mcu.UserName=STM32F103VETx
MxCube.Version=6.3.0
MxDb.Version=DB.6.0.30
NVIC.BusFault_IRQn=true\:0\:0\:false\:false\:true\:false\:false
NVIC.DebugMonitor_IRQn=true\:0\:0\:false\:false\:true\:false\:false
NVIC.ForceEnableDMAVector=true
NVIC.HardFault_IRQn=true\:0\:0\:false\:false\:true\:false\:false
NVIC.MemoryManagement_IRQn=true\:0\:0\:false\:false\:true\:false\:false
NVIC.NonMaskableInt_IRQn=true\:0\:0\:false\:false\:true\:false\:false
NVIC.PendSV_IRQn=true\:0\:0\:false\:false\:true\:false\:false
NVIC.PriorityGroup=NVIC_PRIORITYGROUP_4
NVIC.SVCall_IRQn=true\:0\:0\:false\:false\:true\:false\:false
NVIC.SysTick_IRQn=true\:15\:0\:false\:false\:true\:false\:true
NVIC.TIM6_IRQn=true\:0\:0\:false\:false\:true\:true\:true
NVIC.USART1_IRQn=true\:0\:0\:false\:false\:true\:true\:true
NVIC.UsageFault_IRQn=true\:0\:0\:false\:false\:true\:false\:false
OSC_IN.Mode=HSE-External-Oscillator
OSC_IN.Signal=RCC_OSC_IN
OSC_OUT.Mode=HSE-External-Oscillator
OSC_OUT.Signal=RCC_OSC_OUT
PA0-WKUP.Signal=S_TIM5_CH1
PA1.Signal=S_TIM5_CH2
PA10.Mode=Asynchronous
PA10.Signal=USART1_RX
PA13.Mode=Serial_Wire
PA13.Signal=SYS_JTMS-SWDIO
PA14.Mode=Serial_Wire
PA14.Signal=SYS_JTCK-SWCLK
PA2.Mode=Asynchronous
PA2.Signal=USART2_TX
PA3.Mode=Asynchronous
PA3.Signal=USART2_RX
PA6.Signal=S_TIM3_CH1
PA7.Signal=S_TIM3_CH2
PA9.Mode=Asynchronous
PA9.Signal=USART1_TX
PB0.Signal=S_TIM3_CH3
PB1.Signal=S_TIM3_CH4
PB10.Signal=S_TIM2_CH3
PB6.Mode=I2C
PB6.Signal=I2C1_SCL
PB7.Mode=I2C
PB7.Signal=I2C1_SDA
PC0.Locked=true
PC0.Signal=GPIO_Output
PC1.Locked=true
PC1.Signal=GPIO_Output
PC14-OSC32_IN.Mode=LSE-External-Oscillator
PC14-OSC32_IN.Signal=RCC_OSC32_IN
PC15-OSC32_OUT.Mode=LSE-External-Oscillator
PC15-OSC32_OUT.Signal=RCC_OSC32_OUT
PC2.Locked=true
PC2.Signal=GPIO_Output
PC3.Locked=true
PC3.Signal=GPIO_Output
PC4.Locked=true
PC4.Signal=GPIO_Output
PC5.Locked=true
PC5.Signal=GPIO_Output
PC6.Signal=S_TIM8_CH1
PC7.Signal=S_TIM8_CH2
PC8.Locked=true
PC8.Signal=GPIO_Output
PC9.Locked=true
PC9.Signal=GPIO_Output
PD0.GPIOParameters=GPIO_PuPd
PD0.GPIO_PuPd=GPIO_PULLDOWN
PD0.Locked=true
PD0.Signal=GPIO_Input
PD1.GPIOParameters=GPIO_PuPd
PD1.GPIO_PuPd=GPIO_PULLDOWN
PD1.Locked=true
PD1.Signal=GPIO_Input
PD12.Signal=S_TIM4_CH1
PD13.Signal=S_TIM4_CH2
PD2.GPIOParameters=GPIO_PuPd
PD2.GPIO_PuPd=GPIO_PULLDOWN
PD2.Locked=true
PD2.Signal=GPIO_Input
PD3.Locked=true
PD3.Signal=GPIO_Input
PD4.GPIOParameters=GPIO_PuPd
PD4.GPIO_PuPd=GPIO_PULLDOWN
PD4.Locked=true
PD4.Signal=GPIO_Input
PD5.GPIOParameters=GPIO_PuPd
PD5.GPIO_PuPd=GPIO_PULLDOWN
PD5.Locked=true
PD5.Signal=GPIO_Input
PD6.GPIOParameters=GPIO_PuPd
PD6.GPIO_PuPd=GPIO_PULLDOWN
PD6.Locked=true
PD6.Signal=GPIO_Input
PD8.Mode=Asynchronous
PD8.Signal=USART3_TX
PD9.Mode=Asynchronous
PD9.Signal=USART3_RX
PE11.Signal=S_TIM1_CH2
PE9.Signal=S_TIM1_CH1
PinOutPanel.RotationAngle=0
ProjectManager.AskForMigrate=true
ProjectManager.BackupPrevious=false
ProjectManager.CompilerOptimize=6
ProjectManager.ComputerToolchain=false
ProjectManager.CoupleFile=true
ProjectManager.CustomerFirmwarePackage=
ProjectManager.DefaultFWLocation=true
ProjectManager.DeletePrevious=true
ProjectManager.DeviceId=STM32F103VETx
ProjectManager.FirmwarePackage=STM32Cube FW_F1 V1.8.4
ProjectManager.FreePins=false
ProjectManager.HalAssertFull=false
ProjectManager.HeapSize=0x200
ProjectManager.KeepUserCode=true
ProjectManager.LastFirmware=false
ProjectManager.LibraryCopy=0
ProjectManager.MainLocation=Src
ProjectManager.NoMain=false
ProjectManager.PreviousToolchain=
ProjectManager.ProjectBuild=false
ProjectManager.ProjectFileName=gongke_last.ioc
ProjectManager.ProjectName=gongke_last
ProjectManager.RegisterCallBack=
ProjectManager.StackSize=0x400
ProjectManager.TargetToolchain=MDK-ARM V5
ProjectManager.ToolChainLocation=
ProjectManager.UnderRoot=false
ProjectManager.functionlistsort=1-MX_GPIO_Init-GPIO-false-HAL-true,2-SystemClock_Config-RCC-false-HAL-false,3-MX_TIM1_Init-TIM1-false-HAL-true,4-MX_TIM3_Init-TIM3-false-HAL-true,5-MX_USART1_UART_Init-USART1-false-HAL-true,6-MX_TIM4_Init-TIM4-false-HAL-true,7-MX_TIM5_Init-TIM5-false-HAL-true,8-MX_TIM8_Init-TIM8-false-HAL-true,9-MX_TIM2_Init-TIM2-false-HAL-true,10-MX_TIM6_Init-TIM6-false-HAL-true,11-MX_I2C1_Init-I2C1-false-HAL-true,12-MX_USART2_UART_Init-USART2-false-HAL-true,13-MX_USART3_UART_Init-USART3-false-HAL-true
RCC.ADCFreqValue=36000000
RCC.AHBFreq_Value=72000000
RCC.APB1CLKDivider=RCC_HCLK_DIV2
RCC.APB1Freq_Value=36000000
RCC.APB1TimFreq_Value=72000000
RCC.APB2Freq_Value=72000000
RCC.APB2TimFreq_Value=72000000
RCC.FCLKCortexFreq_Value=72000000
RCC.FSMCFreq_Value=72000000
RCC.FamilyName=M
RCC.HCLKFreq_Value=72000000
RCC.I2S2Freq_Value=72000000
RCC.I2S3Freq_Value=72000000
RCC.IPParameters=ADCFreqValue,AHBFreq_Value,APB1CLKDivider,APB1Freq_Value,APB1TimFreq_Value,APB2Freq_Value,APB2TimFreq_Value,FCLKCortexFreq_Value,FSMCFreq_Value,FamilyName,HCLKFreq_Value,I2S2Freq_Value,I2S3Freq_Value,MCOFreq_Value,PLLCLKFreq_Value,PLLMCOFreq_Value,PLLMUL,PLLSourceVirtual,SDIOFreq_Value,SDIOHCLKDiv2FreqValue,SYSCLKFreq_VALUE,SYSCLKSource,TimSysFreq_Value,USBFreq_Value,VCOOutput2Freq_Value
RCC.MCOFreq_Value=72000000
RCC.PLLCLKFreq_Value=72000000
RCC.PLLMCOFreq_Value=36000000
RCC.PLLMUL=RCC_PLL_MUL9
RCC.PLLSourceVirtual=RCC_PLLSOURCE_HSE
RCC.SDIOFreq_Value=72000000
RCC.SDIOHCLKDiv2FreqValue=36000000
RCC.SYSCLKFreq_VALUE=72000000
RCC.SYSCLKSource=RCC_SYSCLKSOURCE_PLLCLK
RCC.TimSysFreq_Value=72000000
RCC.USBFreq_Value=72000000
RCC.VCOOutput2Freq_Value=8000000
SH.S_TIM1_CH1.0=TIM1_CH1,Encoder_Interface
SH.S_TIM1_CH1.ConfNb=1
SH.S_TIM1_CH2.0=TIM1_CH2,Encoder_Interface
SH.S_TIM1_CH2.ConfNb=1
SH.S_TIM2_CH3.0=TIM2_CH3,PWM Generation3 CH3
SH.S_TIM2_CH3.ConfNb=1
SH.S_TIM3_CH1.0=TIM3_CH1,PWM Generation1 CH1
SH.S_TIM3_CH1.ConfNb=1
SH.S_TIM3_CH2.0=TIM3_CH2,PWM Generation2 CH2
SH.S_TIM3_CH2.ConfNb=1
SH.S_TIM3_CH3.0=TIM3_CH3,PWM Generation3 CH3
SH.S_TIM3_CH3.ConfNb=1
SH.S_TIM3_CH4.0=TIM3_CH4,PWM Generation4 CH4
SH.S_TIM3_CH4.ConfNb=1
SH.S_TIM4_CH1.0=TIM4_CH1,Encoder_Interface
SH.S_TIM4_CH1.ConfNb=1
SH.S_TIM4_CH2.0=TIM4_CH2,Encoder_Interface
SH.S_TIM4_CH2.ConfNb=1
SH.S_TIM5_CH1.0=TIM5_CH1,Encoder_Interface
SH.S_TIM5_CH1.ConfNb=1
SH.S_TIM5_CH2.0=TIM5_CH2,Encoder_Interface
SH.S_TIM5_CH2.ConfNb=1
SH.S_TIM8_CH1.0=TIM8_CH1,Encoder_Interface
SH.S_TIM8_CH1.ConfNb=1
SH.S_TIM8_CH2.0=TIM8_CH2,Encoder_Interface
SH.S_TIM8_CH2.ConfNb=1
TIM1.EncoderMode=TIM_ENCODERMODE_TI12
TIM1.IPParameters=EncoderMode
TIM2.Channel-PWM\ Generation3\ CH3=TIM_CHANNEL_3
TIM2.IPParameters=Channel-PWM Generation3 CH3,Prescaler,Period,OCPolarity_3,Pulse-PWM Generation3 CH3
TIM2.OCPolarity_3=TIM_OCPOLARITY_HIGH
TIM2.Period=19999
TIM2.Prescaler=71
TIM2.Pulse-PWM\ Generation3\ CH3=195
TIM3.Channel-PWM\ Generation1\ CH1=TIM_CHANNEL_1
TIM3.Channel-PWM\ Generation2\ CH2=TIM_CHANNEL_2
TIM3.Channel-PWM\ Generation3\ CH3=TIM_CHANNEL_3
TIM3.Channel-PWM\ Generation4\ CH4=TIM_CHANNEL_4
TIM3.IPParameters=Channel-PWM Generation1 CH1,Prescaler,Period,Channel-PWM Generation2 CH2,Channel-PWM Generation3 CH3,Channel-PWM Generation4 CH4
TIM3.Period=99
TIM3.Prescaler=71
TIM4.EncoderMode=TIM_ENCODERMODE_TI12
TIM4.IPParameters=EncoderMode
TIM5.EncoderMode=TIM_ENCODERMODE_TI12
TIM5.IPParameters=EncoderMode
TIM6.AutoReloadPreload=TIM_AUTORELOAD_PRELOAD_DISABLE
TIM6.IPParameters=Prescaler,Period,AutoReloadPreload
TIM6.Period=999
TIM6.Prescaler=71
TIM8.EncoderMode=TIM_ENCODERMODE_TI12
TIM8.IPParameters=EncoderMode
USART1.IPParameters=VirtualMode
USART1.VirtualMode=VM_ASYNC
USART2.IPParameters=VirtualMode
USART2.VirtualMode=VM_ASYNC
USART3.IPParameters=VirtualMode
USART3.VirtualMode=VM_ASYNC
VP_SYS_VS_Systick.Mode=SysTick
VP_SYS_VS_Systick.Signal=SYS_VS_Systick
VP_TIM6_VS_ClockSourceINT.Mode=Enable_Timer
VP_TIM6_VS_ClockSourceINT.Signal=TIM6_VS_ClockSourceINT
board=custom
